{
  "requires": true,
  "lockfileVersion": 1,
  "dependencies": {
    "@cloudcmd/create-element": {
      "version": "1.1.1",
      "resolved": "https://registry.npmjs.org/@cloudcmd/create-element/-/create-element-1.1.1.tgz",
      "integrity": "sha512-RntwJVi2Pw2nnEBKsGtheEvpb7eBN3fW4SuqTYhLP/uFDIhWLcpvpNeYAbKHZCjUXSQwUd3t8b0VwGqPib5oZQ==",
      "requires": {
        "currify": "^3.0.0",
        "fullstore": "^1.0.0"
      }
    },
    "currify": {
      "version": "3.0.0",
      "resolved": "https://registry.npmjs.org/currify/-/currify-3.0.0.tgz",
      "integrity": "sha512-ecz0Dq3T2UwiLwhiYvEFhdM4yUvlCLRgVbvpt6oI8RteJzEztum1UbLbN6snQ5nfHqtMcnrxkd7N0LeAIErorw=="
    },
    "fullstore": {
      "version": "1.1.0",
      "resolved": "https://registry.npmjs.org/fullstore/-/fullstore-1.1.0.tgz",
      "integrity": "sha512-XNlCWr3KBIL97G8mTR+dZ/J648ECCffflfFRgZW3Zm7pO0PYnH/ZCbwZjV1Dw4LrrDdhV6gnayiIcmdIY4JTsw=="
    },
    "smalltalk": {
      "version": "3.2.2",
      "resolved": "https://registry.npmjs.org/smalltalk/-/smalltalk-3.2.2.tgz",
      "integrity": "sha512-UwHCzzIg89XEwC6KkIAQcQbXt9rZNt/iUgmiQn8uaHx9CSXczMbYa70wy9+ZiTW+PkKmYvFG+CZNhxJaeNFpcg==",
      "requires": {
        "@cloudcmd/create-element": "^1.0.0",
        "currify": "^3.0.0",
        "fullstore": "^1.0.0"
      }
    }
  }
}
